
Microsoft Visual Studio Solution File, Format Version 12.00
# Visual Studio Version 16
VisualStudioVersion = 16.0.29102.190
MinimumVisualStudioVersion = 10.0.40219.1
Project("{888888A0-9F3D-457C-B088-3A5042F75D52}") = "SignatureStampDetection", "SignatureStampDetection.pyproj", "{5F9E1154-EE0F-4DD1-BECD-350481039875}"
EndProject
Global
	GlobalSection(SolutionConfigurationPlatforms) = preSolution
		Debug|Any CPU = Debug|Any CPU
		Release|Any CPU = Release|Any CPU
	EndGlobalSection
	GlobalSection(ProjectConfigurationPlatforms) = postSolution
		{5F9E1154-EE0F-4DD1-BECD-350481039875}.Debug|Any CPU.ActiveCfg = Debug|Any CPU
		{5F9E1154-EE0F-4DD1-BECD-350481039875}.Release|Any CPU.ActiveCfg = Release|Any CPU
	EndGlobalSection
	GlobalSection(SolutionProperties) = preSolution
		HideSolutionNode = FALSE
	EndGlobalSection
	GlobalSection(ExtensibilityGlobals) = postSolution
		SolutionGuid = {1B4CC91A-B55D-4378-A436-8D07B7B8538A}
	EndGlobalSection
EndGlobal
